// !$*UTF8*$!
{
	archiveVersion = 1;
	classes = {
	};
	objectVersion = 55;
	objects = {

/* Begin PBXBuildFile section */
		1F0C8C1A28524C8E0097C5C7 /* CarBode in Frameworks */ = {isa = PBXBuildFile; productRef = 1F0C8C1928524C8E0097C5C7 /* CarBode */; };
		659217B2284027780085E426 /* Matrix_ScannerApp.swift in Sources */ = {isa = PBXBuildFile; fileRef = 659217B1284027780085E426 /* Matrix_ScannerApp.swift */; };
		659217B4284027780085E426 /* ContentView.swift in Sources */ = {isa = PBXBuildFile; fileRef = 659217B3284027780085E426 /* ContentView.swift */; };
		659217B62840277C0085E426 /* Assets.xcassets in Resources */ = {isa = PBXBuildFile; fileRef = 659217B52840277C0085E426 /* Assets.xcassets */; };
		659217B92840277C0085E426 /* Preview Assets.xcassets in Resources */ = {isa = PBXBuildFile; fileRef = 659217B82840277C0085E426 /* Preview Assets.xcassets */; };
		659217C32840277C0085E426 /* Matrix_ScannerTests.swift in Sources */ = {isa = PBXBuildFile; fileRef = 659217C22840277C0085E426 /* Matrix_ScannerTests.swift */; };
		659217CD2840277C0085E426 /* Matrix_ScannerUITests.swift in Sources */ = {isa = PBXBuildFile; fileRef = 659217CC2840277C0085E426 /* Matrix_ScannerUITests.swift */; };
		659217CF2840277D0085E426 /* Matrix_ScannerUITestsLaunchTests.swift in Sources */ = {isa = PBXBuildFile; fileRef = 659217CE2840277D0085E426 /* Matrix_ScannerUITestsLaunchTests.swift */; };
		659217E028414F4E0085E426 /* CarBode in Frameworks */ = {isa = PBXBuildFile; productRef = 659217DF28414F4E0085E426 /* CarBode */; };
/* End PBXBuildFile section */

/* Begin PBXContainerItemProxy section */
		659217BF2840277C0085E426 /* PBXContainerItemProxy */ = {
			isa = PBXContainerItemProxy;
			containerPortal = 659217A6284027780085E426 /* Project object */;
			proxyType = 1;
			remoteGlobalIDString = 659217AD284027780085E426;
			remoteInfo = "Matrix Scanner";
		};
		659217C92840277C0085E426 /* PBXContainerItemProxy */ = {
			isa = PBXContainerItemProxy;
			containerPortal = 659217A6284027780085E426 /* Project object */;
			proxyType = 1;
			remoteGlobalIDString = 659217AD284027780085E426;
			remoteInfo = "Matrix Scanner";
		};
/* End PBXContainerItemProxy section */

/* Begin PBXFileReference section */
		659217AE284027780085E426 /* Matrix Scanner.app */ = {isa = PBXFileReference; explicitFileType = wrapper.application; includeInIndex = 0; path = "Matrix Scanner.app"; sourceTree = BUILT_PRODUCTS_DIR; };
		659217B1284027780085E426 /* Matrix_ScannerApp.swift */ = {isa = PBXFileReference; lastKnownFileType = sourcecode.swift; path = Matrix_ScannerApp.swift; sourceTree = "<group>"; };
		659217B3284027780085E426 /* ContentView.swift */ = {isa = PBXFileReference; lastKnownFileType = sourcecode.swift; path = ContentView.swift; sourceTree = "<group>"; };
		659217B52840277C0085E426 /* Assets.xcassets */ = {isa = PBXFileReference; lastKnownFileType = folder.assetcatalog; path = Assets.xcassets; sourceTree = "<group>"; };
		659217B82840277C0085E426 /* Preview Assets.xcassets */ = {isa = PBXFileReference; lastKnownFileType = folder.assetcatalog; path = "Preview Assets.xcassets"; sourceTree = "<group>"; };
		659217BE2840277C0085E426 /* Matrix ScannerTests.xctest */ = {isa = PBXFileReference; explicitFileType = wrapper.cfbundle; includeInIndex = 0; path = "Matrix ScannerTests.xctest"; sourceTree = BUILT_PRODUCTS_DIR; };
		659217C22840277C0085E426 /* Matrix_ScannerTests.swift */ = {isa = PBXFileReference; lastKnownFileType = sourcecode.swift; path = Matrix_ScannerTests.swift; sourceTree = "<group>"; };
		659217C82840277C0085E426 /* Matrix ScannerUITests.xctest */ = {isa = PBXFileReference; explicitFileType = wrapper.cfbundle; includeInIndex = 0; path = "Matrix ScannerUITests.xctest"; sourceTree = BUILT_PRODUCTS_DIR; };
		659217CC2840277C0085E426 /* Matrix_ScannerUITests.swift */ = {isa = PBXFileReference; lastKnownFileType = sourcecode.swift; path = Matrix_ScannerUITests.swift; sourceTree = "<group>"; };
		659217CE2840277D0085E426 /* Matrix_ScannerUITestsLaunchTests.swift */ = {isa = PBXFileReference; lastKnownFileType = sourcecode.swift; path = Matrix_ScannerUITestsLaunchTests.swift; sourceTree = "<group>"; };
		65F6B18D2851397600899084 /* Matrix-Scanner-Info.plist */ = {isa = PBXFileReference; lastKnownFileType = text.plist; path = "Matrix-Scanner-Info.plist"; sourceTree = SOURCE_ROOT; };
/* End PBXFileReference section */

/* Begin PBXFrameworksBuildPhase section */
		659217AB284027780085E426 /* Frameworks */ = {
			isa = PBXFrameworksBuildPhase;
			buildActionMask = 2147483647;
			files = (
				659217E028414F4E0085E426 /* CarBode in Frameworks */,
				1F0C8C1A28524C8E0097C5C7 /* CarBode in Frameworks */,
			);
			runOnlyForDeploymentPostprocessing = 0;
		};
		659217BB2840277C0085E426 /* Frameworks */ = {
			isa = PBXFrameworksBuildPhase;
			buildActionMask = 2147483647;
			files = (
			);
			runOnlyForDeploymentPostprocessing = 0;
		};
		659217C52840277C0085E426 /* Frameworks */ = {
			isa = PBXFrameworksBuildPhase;
			buildActionMask = 2147483647;
			files = (
			);
			runOnlyForDeploymentPostprocessing = 0;
		};
/* End PBXFrameworksBuildPhase section */

/* Begin PBXGroup section */
		28FDBDD47442D613BFA5CDC3 /* Pods */ = {
			isa = PBXGroup;
			children = (
			);
			path = Pods;
			sourceTree = "<group>";
		};
		659217A5284027780085E426 = {
			isa = PBXGroup;
			children = (
				659217B0284027780085E426 /* Matrix Scanner */,
				659217C12840277C0085E426 /* Matrix ScannerTests */,
				659217CB2840277C0085E426 /* Matrix ScannerUITests */,
				659217AF284027780085E426 /* Products */,
				28FDBDD47442D613BFA5CDC3 /* Pods */,
			);
			sourceTree = "<group>";
		};
		659217AF284027780085E426 /* Products */ = {
			isa = PBXGroup;
			children = (
				659217AE284027780085E426 /* Matrix Scanner.app */,
				659217BE2840277C0085E426 /* Matrix ScannerTests.xctest */,
				659217C82840277C0085E426 /* Matrix ScannerUITests.xctest */,
			);
			name = Products;
			sourceTree = "<group>";
		};
		659217B0284027780085E426 /* Matrix Scanner */ = {
			isa = PBXGroup;
			children = (
				65F6B18D2851397600899084 /* Matrix-Scanner-Info.plist */,
				659217B1284027780085E426 /* Matrix_ScannerApp.swift */,
				659217B3284027780085E426 /* ContentView.swift */,
				659217B52840277C0085E426 /* Assets.xcassets */,
				659217B72840277C0085E426 /* Preview Content */,
			);
			path = "Matrix Scanner";
			sourceTree = "<group>";
		};
		659217B72840277C0085E426 /* Preview Content */ = {
			isa = PBXGroup;
			children = (
				659217B82840277C0085E426 /* Preview Assets.xcassets */,
			);
			path = "Preview Content";
			sourceTree = "<group>";
		};
		659217C12840277C0085E426 /* Matrix ScannerTests */ = {
			isa = PBXGroup;
			children = (
				659217C22840277C0085E426 /* Matrix_ScannerTests.swift */,
			);
			path = "Matrix ScannerTests";
			sourceTree = "<group>";
		};
		659217CB2840277C0085E426 /* Matrix ScannerUITests */ = {
			isa = PBXGroup;
			children = (
				659217CC2840277C0085E426 /* Matrix_ScannerUITests.swift */,
				659217CE2840277D0085E426 /* Matrix_ScannerUITestsLaunchTests.swift */,
			);
			path = "Matrix ScannerUITests";
			sourceTree = "<group>";
		};
/* End PBXGroup section */

/* Begin PBXNativeTarget section */
		659217AD284027780085E426 /* Matrix Scanner */ = {
			isa = PBXNativeTarget;
			buildConfigurationList = 659217D22840277D0085E426 /* Build configuration list for PBXNativeTarget "Matrix Scanner" */;
			buildPhases = (
				659217AA284027780085E426 /* Sources */,
				659217AB284027780085E426 /* Frameworks */,
				659217AC284027780085E426 /* Resources */,
			);
			buildRules = (
			);
			dependencies = (
			);
			name = "Matrix Scanner";
			packageProductDependencies = (
				659217DF28414F4E0085E426 /* CarBode */,
				1F0C8C1928524C8E0097C5C7 /* CarBode */,
			);
			productName = "Matrix Scanner";
			productReference = 659217AE284027780085E426 /* Matrix Scanner.app */;
			productType = "com.apple.product-type.application";
		};
		659217BD2840277C0085E426 /* Matrix ScannerTests */ = {
			isa = PBXNativeTarget;
			buildConfigurationList = 659217D52840277D0085E426 /* Build configuration list for PBXNativeTarget "Matrix ScannerTests" */;
			buildPhases = (
				659217BA2840277C0085E426 /* Sources */,
				659217BB2840277C0085E426 /* Frameworks */,
				659217BC2840277C0085E426 /* Resources */,
			);
			buildRules = (
			);
			dependencies = (
				659217C02840277C0085E426 /* PBXTargetDependency */,
			);
			name = "Matrix ScannerTests";
			productName = "Matrix ScannerTests";
			productReference = 659217BE2840277C0085E426 /* Matrix ScannerTests.xctest */;
			productType = "com.apple.product-type.bundle.unit-test";
		};
		659217C72840277C0085E426 /* Matrix ScannerUITests */ = {
			isa = PBXNativeTarget;
			buildConfigurationList = 659217D82840277D0085E426 /* Build configuration list for PBXNativeTarget "Matrix ScannerUITests" */;
			buildPhases = (
				659217C42840277C0085E426 /* Sources */,
				659217C52840277C0085E426 /* Frameworks */,
				659217C62840277C0085E426 /* Resources */,
			);
			buildRules = (
			);
			dependencies = (
				659217CA2840277C0085E426 /* PBXTargetDependency */,
			);
			name = "Matrix ScannerUITests";
			productName = "Matrix ScannerUITests";
			productReference = 659217C82840277C0085E426 /* Matrix ScannerUITests.xctest */;
			productType = "com.apple.product-type.bundle.ui-testing";
		};
/* End PBXNativeTarget section */

/* Begin PBXProject section */
		659217A6284027780085E426 /* Project object */ = {
			isa = PBXProject;
			attributes = {
				BuildIndependentTargetsInParallel = 1;
				LastSwiftUpdateCheck = 1340;
				LastUpgradeCheck = 1340;
				TargetAttributes = {
					659217AD284027780085E426 = {
						CreatedOnToolsVersion = 13.4;
					};
					659217BD2840277C0085E426 = {
						CreatedOnToolsVersion = 13.4;
						TestTargetID = 659217AD284027780085E426;
					};
					659217C72840277C0085E426 = {
						CreatedOnToolsVersion = 13.4;
						TestTargetID = 659217AD284027780085E426;
					};
				};
			};
			buildConfigurationList = 659217A9284027780085E426 /* Build configuration list for PBXProject "Matrix Scanner" */;
			compatibilityVersion = "Xcode 13.0";
			developmentRegion = en;
			hasScannedForEncodings = 0;
			knownRegions = (
				en,
				Base,
			);
			mainGroup = 659217A5284027780085E426;
			packageReferences = (
				659217DE28414F4E0085E426 /* XCRemoteSwiftPackageReference "CarBode-Barcode-Scanner-For-SwiftUI" */,
				1F0C8C1828524C8E0097C5C7 /* XCRemoteSwiftPackageReference "CarBode-Barcode-Scanner-For-SwiftUI" */,
			);
			productRefGroup = 659217AF284027780085E426 /* Products */;
			projectDirPath = "";
			projectRoot = "";
			targets = (
				659217AD284027780085E426 /* Matrix Scanner */,
				659217BD2840277C0085E426 /* Matrix ScannerTests */,
				659217C72840277C0085E426 /* Matrix ScannerUITests */,
			);
		};
/* End PBXProject section */

/* Begin PBXResourcesBuildPhase section */
		659217AC284027780085E426 /* Resources */ = {
			isa = PBXResourcesBuildPhase;
			buildActionMask = 2147483647;
			files = (
				659217B92840277C0085E426 /* Preview Assets.xcassets in Resources */,
				659217B62840277C0085E426 /* Assets.xcassets in Resources */,
			);
			runOnlyForDeploymentPostprocessing = 0;
		};
		659217BC2840277C0085E426 /* Resources */ = {
			isa = PBXResourcesBuildPhase;
			buildActionMask = 2147483647;
			files = (
			);
			runOnlyForDeploymentPostprocessing = 0;
		};
		659217C62840277C0085E426 /* Resources */ = {
			isa = PBXResourcesBuildPhase;
			buildActionMask = 2147483647;
			files = (
			);
			runOnlyForDeploymentPostprocessing = 0;
		};
/* End PBXResourcesBuildPhase section */

/* Begin PBXSourcesBuildPhase section */
		659217AA284027780085E426 /* Sources */ = {
			isa = PBXSourcesBuildPhase;
			buildActionMask = 2147483647;
			files = (
				659217B4284027780085E426 /* ContentView.swift in Sources */,
				659217B2284027780085E426 /* Matrix_ScannerApp.swift in Sources */,
			);
			runOnlyForDeploymentPostprocessing = 0;
		};
		659217BA2840277C0085E426 /* Sources */ = {
			isa = PBXSourcesBuildPhase;
			buildActionMask = 2147483647;
			files = (
				659217C32840277C0085E426 /* Matrix_ScannerTests.swift in Sources */,
			);
			runOnlyForDeploymentPostprocessing = 0;
		};
		659217C42840277C0085E426 /* Sources */ = {
			isa = PBXSourcesBuildPhase;
			buildActionMask = 2147483647;
			files = (
				659217CF2840277D0085E426 /* Matrix_ScannerUITestsLaunchTests.swift in Sources */,
				659217CD2840277C0085E426 /* Matrix_ScannerUITests.swift in Sources */,
			);
			runOnlyForDeploymentPostprocessing = 0;
		};
/* End PBXSourcesBuildPhase section */

/* Begin PBXTargetDependency section */
		659217C02840277C0085E426 /* PBXTargetDependency */ = {
			isa = PBXTargetDependency;
			target = 659217AD284027780085E426 /* Matrix Scanner */;
			targetProxy = 659217BF2840277C0085E426 /* PBXContainerItemProxy */;
		};
		659217CA2840277C0085E426 /* PBXTargetDependency */ = {
			isa = PBXTargetDependency;
			target = 659217AD284027780085E426 /* Matrix Scanner */;
			targetProxy = 659217C92840277C0085E426 /* PBXContainerItemProxy */;
		};
/* End PBXTargetDependency section */

/* Begin XCBuildConfiguration section */
		659217D02840277D0085E426 /* Debug */ = {
			isa = XCBuildConfiguration;
			buildSettings = {
				ALWAYS_SEARCH_USER_PATHS = NO;
				CLANG_ANALYZER_NONNULL = YES;
				CLANG_ANALYZER_NUMBER_OBJECT_CONVERSION = YES_AGGRESSIVE;
				CLANG_CXX_LANGUAGE_STANDARD = "gnu++17";
				CLANG_ENABLE_MODULES = YES;
				CLANG_ENABLE_OBJC_ARC = YES;
				CLANG_ENABLE_OBJC_WEAK = YES;
				CLANG_WARN_BLOCK_CAPTURE_AUTORELEASING = YES;
				CLANG_WARN_BOOL_CONVERSION = YES;
				CLANG_WARN_COMMA = YES;
				CLANG_WARN_CONSTANT_CONVERSION = YES;
				CLANG_WARN_DEPRECATED_OBJC_IMPLEMENTATIONS = YES;
				CLANG_WARN_DIRECT_OBJC_ISA_USAGE = YES_ERROR;
				CLANG_WARN_DOCUMENTATION_COMMENTS = YES;
				CLANG_WARN_EMPTY_BODY = YES;
				CLANG_WARN_ENUM_CONVERSION = YES;
				CLANG_WARN_INFINITE_RECURSION = YES;
				CLANG_WARN_INT_CONVERSION = YES;
				CLANG_WARN_NON_LITERAL_NULL_CONVERSION = YES;
				CLANG_WARN_OBJC_IMPLICIT_RETAIN_SELF = YES;
				CLANG_WARN_OBJC_LITERAL_CONVERSION = YES;
				CLANG_WARN_OBJC_ROOT_CLASS = YES_ERROR;
				CLANG_WARN_QUOTED_INCLUDE_IN_FRAMEWORK_HEADER = YES;
				CLANG_WARN_RANGE_LOOP_ANALYSIS = YES;
				CLANG_WARN_STRICT_PROTOTYPES = YES;
				CLANG_WARN_SUSPICIOUS_MOVE = YES;
				CLANG_WARN_UNGUARDED_AVAILABILITY = YES_AGGRESSIVE;
				CLANG_WARN_UNREACHABLE_CODE = YES;
				CLANG_WARN__DUPLICATE_METHOD_MATCH = YES;
				COPY_PHASE_STRIP = NO;
				DEBUG_INFORMATION_FORMAT = dwarf;
				ENABLE_STRICT_OBJC_MSGSEND = YES;
				ENABLE_TESTABILITY = YES;
				GCC_C_LANGUAGE_STANDARD = gnu11;
				GCC_DYNAMIC_NO_PIC = NO;
				GCC_NO_COMMON_BLOCKS = YES;
				GCC_OPTIMIZATION_LEVEL = 0;
				GCC_PREPROCESSOR_DEFINITIONS = (
					"DEBUG=1",
					"$(inherited)",
				);
				GCC_WARN_64_TO_32_BIT_CONVERSION = YES;
				GCC_WARN_ABOUT_RETURN_TYPE = YES_ERROR;
				GCC_WARN_UNDECLARED_SELECTOR = YES;
				GCC_WARN_UNINITIALIZED_AUTOS = YES_AGGRESSIVE;
				GCC_WARN_UNUSED_FUNCTION = YES;
				GCC_WARN_UNUSED_VARIABLE = YES;
				IPHONEOS_DEPLOYMENT_TARGET = 15.5;
				MTL_ENABLE_DEBUG_INFO = INCLUDE_SOURCE;
				MTL_FAST_MATH = YES;
				ONLY_ACTIVE_ARCH = YES;
				SDKROOT = iphoneos;
				SWIFT_ACTIVE_COMPILATION_CONDITIONS = DEBUG;
				SWIFT_OPTIMIZATION_LEVEL = "-Onone";
			};
			name = Debug;
		};
		659217D12840277D0085E426 /* Release */ = {
			isa = XCBuildConfiguration;
			buildSettings = {
				ALWAYS_SEARCH_USER_PATHS = NO;
				CLANG_ANALYZER_NONNULL = YES;
				CLANG_ANALYZER_NUMBER_OBJECT_CONVERSION = YES_AGGRESSIVE;
				CLANG_CXX_LANGUAGE_STANDARD = "gnu++17";
				CLANG_ENABLE_MODULES = YES;
				CLANG_ENABLE_OBJC_ARC = YES;
				CLANG_ENABLE_OBJC_WEAK = YES;
				CLANG_WARN_BLOCK_CAPTURE_AUTORELEASING = YES;
				CLANG_WARN_BOOL_CONVERSION = YES;
				CLANG_WARN_COMMA = YES;
				CLANG_WARN_CONSTANT_CONVERSION = YES;
				CLANG_WARN_DEPRECATED_OBJC_IMPLEMENTATIONS = YES;
				CLANG_WARN_DIRECT_OBJC_ISA_USAGE = YES_ERROR;
				CLANG_WARN_DOCUMENTATION_COMMENTS = YES;
				CLANG_WARN_EMPTY_BODY = YES;
				CLANG_WARN_ENUM_CONVERSION = YES;
				CLANG_WARN_INFINITE_RECURSION = YES;
				CLANG_WARN_INT_CONVERSION = YES;
				CLANG_WARN_NON_LITERAL_NULL_CONVERSION = YES;
				CLANG_WARN_OBJC_IMPLICIT_RETAIN_SELF = YES;
				CLANG_WARN_OBJC_LITERAL_CONVERSION = YES;
				CLANG_WARN_OBJC_ROOT_CLASS = YES_ERROR;
				CLANG_WARN_QUOTED_INCLUDE_IN_FRAMEWORK_HEADER = YES;
				CLANG_WARN_RANGE_LOOP_ANALYSIS = YES;
				CLANG_WARN_STRICT_PROTOTYPES = YES;
				CLANG_WARN_SUSPICIOUS_MOVE = YES;
				CLANG_WARN_UNGUARDED_AVAILABILITY = YES_AGGRESSIVE;
				CLANG_WARN_UNREACHABLE_CODE = YES;
				CLANG_WARN__DUPLICATE_METHOD_MATCH = YES;
				COPY_PHASE_STRIP = NO;
				DEBUG_INFORMATION_FORMAT = "dwarf-with-dsym";
				ENABLE_NS_ASSERTIONS = NO;
				ENABLE_STRICT_OBJC_MSGSEND = YES;
				GCC_C_LANGUAGE_STANDARD = gnu11;
				GCC_NO_COMMON_BLOCKS = YES;
				GCC_WARN_64_TO_32_BIT_CONVERSION = YES;
				GCC_WARN_ABOUT_RETURN_TYPE = YES_ERROR;
				GCC_WARN_UNDECLARED_SELECTOR = YES;
				GCC_WARN_UNINITIALIZED_AUTOS = YES_AGGRESSIVE;
				GCC_WARN_UNUSED_FUNCTION = YES;
				GCC_WARN_UNUSED_VARIABLE = YES;
				IPHONEOS_DEPLOYMENT_TARGET = 15.5;
				MTL_ENABLE_DEBUG_INFO = NO;
				MTL_FAST_MATH = YES;
				SDKROOT = iphoneos;
				SWIFT_COMPILATION_MODE = wholemodule;
				SWIFT_OPTIMIZATION_LEVEL = "-O";
				VALIDATE_PRODUCT = YES;
			};
			name = Release;
		};
		659217D32840277D0085E426 /* Debug */ = {
			isa = XCBuildConfiguration;
			buildSettings = {
				ASSETCATALOG_COMPILER_APPICON_NAME = AppIcon;
				ASSETCATALOG_COMPILER_GLOBAL_ACCENT_COLOR_NAME = AccentColor;
				CODE_SIGN_STYLE = Automatic;
				CURRENT_PROJECT_VERSION = 1;
				DEVELOPMENT_ASSET_PATHS = "\"Matrix Scanner/Preview Content\"";
				DEVELOPMENT_TEAM = 493XQW5HY7;
				ENABLE_PREVIEWS = YES;
				GENERATE_INFOPLIST_FILE = YES;
				INFOPLIST_FILE = "Matrix-Scanner-Info.plist";
				INFOPLIST_KEY_NSCameraUsageDescription = "";
				INFOPLIST_KEY_UIApplicationSceneManifest_Generation = YES;
				INFOPLIST_KEY_UIApplicationSupportsIndirectInputEvents = YES;
				INFOPLIST_KEY_UILaunchScreen_Generation = YES;
				INFOPLIST_KEY_UISupportedInterfaceOrientations_iPad = "UIInterfaceOrientationPortrait UIInterfaceOrientationPortraitUpsideDown UIInterfaceOrientationLandscapeLeft UIInterfaceOrientationLandscapeRight";
				INFOPLIST_KEY_UISupportedInterfaceOrientations_iPhone = "UIInterfaceOrientationPortrait UIInterfaceOrientationLandscapeLeft UIInterfaceOrientationLandscapeRight";
				INFOPLIST_KEY_UISupportsDocumentBrowser = YES;
				IPHONEOS_DEPLOYMENT_TARGET = 15.5;
				LD_RUNPATH_SEARCH_PATHS = (
					"$(inherited)",
					"@executable_path/Frameworks",
				);
				MARKETING_VERSION = 1.0;
				OTHER_LDFLAGS = "";
				"OTHER_LDFLAGS[arch=*]" = "";
				PRODUCT_BUNDLE_IDENTIFIER = fabian.carrasco;
				PRODUCT_NAME = "$(TARGET_NAME)";
				SWIFT_EMIT_LOC_STRINGS = YES;
				SWIFT_VERSION = 5.0;
				TARGETED_DEVICE_FAMILY = "1,2";
			};
			name = Debug;
		};
		659217D42840277D0085E426 /* Release */ = {
			isa = XCBuildConfiguration;
			buildSettings = {
				ASSETCATALOG_COMPILER_APPICON_NAME = AppIcon;
				ASSETCATALOG_COMPILER_GLOBAL_ACCENT_COLOR_NAME = AccentColor;
				CODE_SIGN_STYLE = Automatic;
				CURRENT_PROJECT_VERSION = 1;
				DEVELOPMENT_ASSET_PATHS = "\"Matrix Scanner/Preview Content\"";
				DEVELOPMENT_TEAM = 493XQW5HY7;
				ENABLE_PREVIEWS = YES;
				GENERATE_INFOPLIST_FILE = YES;
				INFOPLIST_FILE = "Matrix-Scanner-Info.plist";
				INFOPLIST_KEY_NSCameraUsageDescription = "";
				INFOPLIST_KEY_UIApplicationSceneManifest_Generation = YES;
				INFOPLIST_KEY_UIApplicationSupportsIndirectInputEvents = YES;
				INFOPLIST_KEY_UILaunchScreen_Generation = YES;
				INFOPLIST_KEY_UISupportedInterfaceOrientations_iPad = "UIInterfaceOrientationPortrait UIInterfaceOrientationPortraitUpsideDown UIInterfaceOrientationLandscapeLeft UIInterfaceOrientationLandscapeRight";
				INFOPLIST_KEY_UISupportedInterfaceOrientations_iPhone = "UIInterfaceOrientationPortrait UIInterfaceOrientationLandscapeLeft UIInterfaceOrientationLandscapeRight";
				INFOPLIST_KEY_UISupportsDocumentBrowser = YES;
				IPHONEOS_DEPLOYMENT_TARGET = 15.5;
				LD_RUNPATH_SEARCH_PATHS = (
					"$(inherited)",
					"@executable_path/Frameworks",
				);
				MARKETING_VERSION = 1.0;
				OTHER_LDFLAGS = "";
				PRODUCT_BUNDLE_IDENTIFIER = fabian.carrasco;
				PRODUCT_NAME = "$(TARGET_NAME)";
				SWIFT_EMIT_LOC_STRINGS = YES;
				SWIFT_VERSION = 5.0;
				TARGETED_DEVICE_FAMILY = "1,2";
			};
			name = Release;
		};
		659217D62840277D0085E426 /* Debug */ = {
			isa = XCBuildConfiguration;
			buildSettings = {
				ALWAYS_EMBED_SWIFT_STANDARD_LIBRARIES = YES;
				BUNDLE_LOADER = "$(TEST_HOST)";
				CODE_SIGN_STYLE = Automatic;
				CURRENT_PROJECT_VERSION = 1;
				GENERATE_INFOPLIST_FILE = YES;
				IPHONEOS_DEPLOYMENT_TARGET = 15.5;
				MARKETING_VERSION = 1.0;
				PRODUCT_BUNDLE_IDENTIFIER = "ccpw.Matrix-ScannerTests";
				PRODUCT_NAME = "$(TARGET_NAME)";
				SWIFT_EMIT_LOC_STRINGS = NO;
				SWIFT_VERSION = 5.0;
				TARGETED_DEVICE_FAMILY = "1,2";
				TEST_HOST = "$(BUILT_PRODUCTS_DIR)/Matrix Scanner.app/Matrix Scanner";
			};
			name = Debug;
		};
		659217D72840277D0085E426 /* Release */ = {
			isa = XCBuildConfiguration;
			buildSettings = {
				ALWAYS_EMBED_SWIFT_STANDARD_LIBRARIES = YES;
				BUNDLE_LOADER = "$(TEST_HOST)";
				CODE_SIGN_STYLE = Automatic;
				CURRENT_PROJECT_VERSION = 1;
				GENERATE_INFOPLIST_FILE = YES;
				IPHONEOS_DEPLOYMENT_TARGET = 15.5;
				MARKETING_VERSION = 1.0;
				PRODUCT_BUNDLE_IDENTIFIER = "ccpw.Matrix-ScannerTests";
				PRODUCT_NAME = "$(TARGET_NAME)";
				SWIFT_EMIT_LOC_STRINGS = NO;
				SWIFT_VERSION = 5.0;
				TARGETED_DEVICE_FAMILY = "1,2";
				TEST_HOST = "$(BUILT_PRODUCTS_DIR)/Matrix Scanner.app/Matrix Scanner";
			};
			name = Release;
		};
		659217D92840277D0085E426 /* Debug */ = {
			isa = XCBuildConfiguration;
			buildSettings = {
				ALWAYS_EMBED_SWIFT_STANDARD_LIBRARIES = YES;
				CODE_SIGN_STYLE = Automatic;
				CURRENT_PROJECT_VERSION = 1;
				GENERATE_INFOPLIST_FILE = YES;
				MARKETING_VERSION = 1.0;
				PRODUCT_BUNDLE_IDENTIFIER = "ccpw.Matrix-ScannerUITests";
				PRODUCT_NAME = "$(TARGET_NAME)";
				SWIFT_EMIT_LOC_STRINGS = NO;
				SWIFT_VERSION = 5.0;
				TARGETED_DEVICE_FAMILY = "1,2";
				TEST_TARGET_NAME = "Matrix Scanner";
			};
			name = Debug;
		};
		659217DA2840277D0085E426 /* Release */ = {
			isa = XCBuildConfiguration;
			buildSettings = {
				ALWAYS_EMBED_SWIFT_STANDARD_LIBRARIES = YES;
				CODE_SIGN_STYLE = Automatic;
				CURRENT_PROJECT_VERSION = 1;
				GENERATE_INFOPLIST_FILE = YES;
				MARKETING_VERSION = 1.0;
				PRODUCT_BUNDLE_IDENTIFIER = "ccpw.Matrix-ScannerUITests";
				PRODUCT_NAME = "$(TARGET_NAME)";
				SWIFT_EMIT_LOC_STRINGS = NO;
				SWIFT_VERSION = 5.0;
				TARGETED_DEVICE_FAMILY = "1,2";
				TEST_TARGET_NAME = "Matrix Scanner";
			};
			name = Release;
		};
/* End XCBuildConfiguration section */

/* Begin XCConfigurationList section */
		659217A9284027780085E426 /* Build configuration list for PBXProject "Matrix Scanner" */ = {
			isa = XCConfigurationList;
			buildConfigurations = (
				659217D02840277D0085E426 /* Debug */,
				659217D12840277D0085E426 /* Release */,
			);
			defaultConfigurationIsVisible = 0;
			defaultConfigurationName = Release;
		};
		659217D22840277D0085E426 /* Build configuration list for PBXNativeTarget "Matrix Scanner" */ = {
			isa = XCConfigurationList;
			buildConfigurations = (
				659217D32840277D0085E426 /* Debug */,
				659217D42840277D0085E426 /* Release */,
			);
			defaultConfigurationIsVisible = 0;
			defaultConfigurationName = Release;
		};
		659217D52840277D0085E426 /* Build configuration list for PBXNativeTarget "Matrix ScannerTests" */ = {
			isa = XCConfigurationList;
			buildConfigurations = (
				659217D62840277D0085E426 /* Debug */,
				659217D72840277D0085E426 /* Release */,
			);
			defaultConfigurationIsVisible = 0;
			defaultConfigurationName = Release;
		};
		659217D82840277D0085E426 /* Build configuration list for PBXNativeTarget "Matrix ScannerUITests" */ = {
			isa = XCConfigurationList;
			buildConfigurations = (
				659217D92840277D0085E426 /* Debug */,
				659217DA2840277D0085E426 /* Release */,
			);
			defaultConfigurationIsVisible = 0;
			defaultConfigurationName = Release;
		};
/* End XCConfigurationList section */

/* Begin XCRemoteSwiftPackageReference section */
		1F0C8C1828524C8E0097C5C7 /* XCRemoteSwiftPackageReference "CarBode-Barcode-Scanner-For-SwiftUI" */ = {
			isa = XCRemoteSwiftPackageReference;
			repositoryURL = "https://github.com/heart/CarBode-Barcode-Scanner-For-SwiftUI";
			requirement = {
				branch = master;
				kind = branch;
			};
		};
		659217DE28414F4E0085E426 /* XCRemoteSwiftPackageReference "CarBode-Barcode-Scanner-For-SwiftUI" */ = {
			isa = XCRemoteSwiftPackageReference;
			repositoryURL = "https://github.com/heart/CarBode-Barcode-Scanner-For-SwiftUI";
			requirement = {
				kind = upToNextMajorVersion;
				minimumVersion = 2.0.0;
			};
		};
/* End XCRemoteSwiftPackageReference section */

/* Begin XCSwiftPackageProductDependency section */
		1F0C8C1928524C8E0097C5C7 /* CarBode */ = {
			isa = XCSwiftPackageProductDependency;
			package = 1F0C8C1828524C8E0097C5C7 /* XCRemoteSwiftPackageReference "CarBode-Barcode-Scanner-For-SwiftUI" */;
			productName = CarBode;
		};
		659217DF28414F4E0085E426 /* CarBode */ = {
			isa = XCSwiftPackageProductDependency;
			package = 659217DE28414F4E0085E426 /* XCRemoteSwiftPackageReference "CarBode-Barcode-Scanner-For-SwiftUI" */;
			productName = CarBode;
		};
/* End XCSwiftPackageProductDependency section */
	};
	rootObject = 659217A6284027780085E426 /* Project object */;
}
